// !$*UTF8*$!
{
	archiveVersion = 1;
	classes = {
	};
	objectVersion = 46;
	objects = {

/* Begin PBXBuildFile section */
		BE6C6C1C1F054BE100EBF61A /* rhodes_73.sf2 in Resources */ = {isa = PBXBuildFile; fileRef = BE6C6C1B1F054BE100EBF61A /* rhodes_73.sf2 */; };
		D329D9FE1DDF7A9C0080D74F /* AppDelegate.swift in Sources */ = {isa = PBXBuildFile; fileRef = D329D9FD1DDF7A9C0080D74F /* AppDelegate.swift */; };
		D329DA051DDF7A9C0080D74F /* Assets.xcassets in Resources */ = {isa = PBXBuildFile; fileRef = D329DA041DDF7A9C0080D74F /* Assets.xcassets */; };
		D329DA081DDF7A9C0080D74F /* LaunchScreen.storyboard in Resources */ = {isa = PBXBuildFile; fileRef = D329DA061DDF7A9C0080D74F /* LaunchScreen.storyboard */; };
		D329DA131DDF7A9C0080D74F /* iHearChangesSwiftTests.swift in Sources */ = {isa = PBXBuildFile; fileRef = D329DA121DDF7A9C0080D74F /* iHearChangesSwiftTests.swift */; };
		D329DA1E1DDF7A9C0080D74F /* iHearChangesSwiftUITests.swift in Sources */ = {isa = PBXBuildFile; fileRef = D329DA1D1DDF7A9C0080D74F /* iHearChangesSwiftUITests.swift */; };
		D329DA921DDF7F860080D74F /* Main.storyboard in Resources */ = {isa = PBXBuildFile; fileRef = D329DA891DDF7F860080D74F /* Main.storyboard */; };
		D329DA931DDF7F860080D74F /* AnswerPane.swift in Sources */ = {isa = PBXBuildFile; fileRef = D329DA8A1DDF7F860080D74F /* AnswerPane.swift */; };
		D38D4AED1F069ABE006EF062 /* MidiManager.swift in Sources */ = {isa = PBXBuildFile; fileRef = D38D4AEC1F069ABE006EF062 /* MidiManager.swift */; };
		D38D4B041F06BBAB006EF062 /* AppStatusModels.swift in Sources */ = {isa = PBXBuildFile; fileRef = D38D4AF51F06BBAB006EF062 /* AppStatusModels.swift */; };
		D38D4B051F06BBAB006EF062 /* Chord.m in Sources */ = {isa = PBXBuildFile; fileRef = D38D4AF71F06BBAB006EF062 /* Chord.m */; };
		D38D4B061F06BBAB006EF062 /* ChordFunction.m in Sources */ = {isa = PBXBuildFile; fileRef = D38D4AF91F06BBAB006EF062 /* ChordFunction.m */; };
		D38D4B071F06BBAB006EF062 /* Player.m in Sources */ = {isa = PBXBuildFile; fileRef = D38D4AFB1F06BBAB006EF062 /* Player.m */; };
		D38D4B081F06BBAB006EF062 /* Progression.m in Sources */ = {isa = PBXBuildFile; fileRef = D38D4AFD1F06BBAB006EF062 /* Progression.m */; };
		D38D4B091F06BBAB006EF062 /* SequenceTemplate.m in Sources */ = {isa = PBXBuildFile; fileRef = D38D4AFF1F06BBAB006EF062 /* SequenceTemplate.m */; };
		D38D4B0A1F06BBAB006EF062 /* Timing.m in Sources */ = {isa = PBXBuildFile; fileRef = D38D4B011F06BBAB006EF062 /* Timing.m */; };
		D38D4B0B1F06BBAB006EF062 /* Tune.m in Sources */ = {isa = PBXBuildFile; fileRef = D38D4B031F06BBAB006EF062 /* Tune.m */; };
		D38D4B1A1F06BBE6006EF062 /* CheckBox.swift in Sources */ = {isa = PBXBuildFile; fileRef = D38D4B0C1F06BBE6006EF062 /* CheckBox.swift */; };
		D38D4B1B1F06BBE6006EF062 /* CollapsibleTableViewHeader.swift in Sources */ = {isa = PBXBuildFile; fileRef = D38D4B0D1F06BBE6006EF062 /* CollapsibleTableViewHeader.swift */; };
		D38D4B1C1F06BBE6006EF062 /* CustomSlider.swift in Sources */ = {isa = PBXBuildFile; fileRef = D38D4B0E1F06BBE6006EF062 /* CustomSlider.swift */; };
		D38D4B1D1F06BBE6006EF062 /* Extensions.swift in Sources */ = {isa = PBXBuildFile; fileRef = D38D4B0F1F06BBE6006EF062 /* Extensions.swift */; };
		D38D4B1E1F06BBE6006EF062 /* InfoViewController.swift in Sources */ = {isa = PBXBuildFile; fileRef = D38D4B101F06BBE6006EF062 /* InfoViewController.swift */; };
		D38D4B1F1F06BBE6006EF062 /* MainDisplay.swift in Sources */ = {isa = PBXBuildFile; fileRef = D38D4B111F06BBE6006EF062 /* MainDisplay.swift */; };
		D38D4B201F06BBE6006EF062 /* MainDisplayCollectionViewExtensions.swift in Sources */ = {isa = PBXBuildFile; fileRef = D38D4B121F06BBE6006EF062 /* MainDisplayCollectionViewExtensions.swift */; };
		D38D4B211F06BBE6006EF062 /* MainDisplaySupportPaneExtensions.swift in Sources */ = {isa = PBXBuildFile; fileRef = D38D4B131F06BBE6006EF062 /* MainDisplaySupportPaneExtensions.swift */; };
		D38D4B221F06BBE6006EF062 /* MainMenuViewController.swift in Sources */ = {isa = PBXBuildFile; fileRef = D38D4B141F06BBE6006EF062 /* MainMenuViewController.swift */; };
		D38D4B231F06BBE6006EF062 /* MeasureCell.swift in Sources */ = {isa = PBXBuildFile; fileRef = D38D4B151F06BBE6006EF062 /* MeasureCell.swift */; };
		D38D4B241F06BBE6006EF062 /* MixPane.swift in Sources */ = {isa = PBXBuildFile; fileRef = D38D4B161F06BBE6006EF062 /* MixPane.swift */; };
		D38D4B251F06BBE6006EF062 /* PlaybackPane.swift in Sources */ = {isa = PBXBuildFile; fileRef = D38D4B171F06BBE6006EF062 /* PlaybackPane.swift */; };
		D38D4B271F06BBE6006EF062 /* RangeSlider.swift in Sources */ = {isa = PBXBuildFile; fileRef = D38D4B191F06BBE6006EF062 /* RangeSlider.swift */; };
		D38D4B3A1F06BD75006EF062 /* I-IV-1.json in Resources */ = {isa = PBXBuildFile; fileRef = D38D4B291F06BD75006EF062 /* I-IV-1.json */; };
		D38D4B3B1F06BD75006EF062 /* I-IV-2.json in Resources */ = {isa = PBXBuildFile; fileRef = D38D4B2A1F06BD75006EF062 /* I-IV-2.json */; };
		D38D4B3C1F06BD75006EF062 /* I-IV-3.json in Resources */ = {isa = PBXBuildFile; fileRef = D38D4B2B1F06BD75006EF062 /* I-IV-3.json */; };
		D38D4B3D1F06BD75006EF062 /* I-IV-4.json in Resources */ = {isa = PBXBuildFile; fileRef = D38D4B2C1F06BD75006EF062 /* I-IV-4.json */; };
		D38D4B3E1F06BD75006EF062 /* I-IV-V-1.json in Resources */ = {isa = PBXBuildFile; fileRef = D38D4B2D1F06BD75006EF062 /* I-IV-V-1.json */; };
		D38D4B3F1F06BD75006EF062 /* I-IV-V-2.json in Resources */ = {isa = PBXBuildFile; fileRef = D38D4B2E1F06BD75006EF062 /* I-IV-V-2.json */; };
		D38D4B401F06BD75006EF062 /* I-IV-V-3.json in Resources */ = {isa = PBXBuildFile; fileRef = D38D4B2F1F06BD75006EF062 /* I-IV-V-3.json */; };
		D38D4B411F06BD75006EF062 /* I-IV-V-4.json in Resources */ = {isa = PBXBuildFile; fileRef = D38D4B301F06BD75006EF062 /* I-IV-V-4.json */; };
		D38D4B421F06BD75006EF062 /* I-IV-V-5.json in Resources */ = {isa = PBXBuildFile; fileRef = D38D4B311F06BD75006EF062 /* I-IV-V-5.json */; };
		D38D4B431F06BD75006EF062 /* I-IV-V-6.json in Resources */ = {isa = PBXBuildFile; fileRef = D38D4B321F06BD75006EF062 /* I-IV-V-6.json */; };
		D38D4B441F06BD75006EF062 /* I-IV-V-7.json in Resources */ = {isa = PBXBuildFile; fileRef = D38D4B331F06BD75006EF062 /* I-IV-V-7.json */; };
		D38D4B451F06BD75006EF062 /* I-IV-V-8.json in Resources */ = {isa = PBXBuildFile; fileRef = D38D4B341F06BD75006EF062 /* I-IV-V-8.json */; };
		D38D4B461F06BD75006EF062 /* I-IV-V-9.json in Resources */ = {isa = PBXBuildFile; fileRef = D38D4B351F06BD75006EF062 /* I-IV-V-9.json */; };
		D38D4B471F06BD75006EF062 /* I-V-1.json in Resources */ = {isa = PBXBuildFile; fileRef = D38D4B361F06BD75006EF062 /* I-V-1.json */; };
		D38D4B481F06BD75006EF062 /* I-V-2.json in Resources */ = {isa = PBXBuildFile; fileRef = D38D4B371F06BD75006EF062 /* I-V-2.json */; };
		D38D4B491F06BD75006EF062 /* I-V-3.json in Resources */ = {isa = PBXBuildFile; fileRef = D38D4B381F06BD75006EF062 /* I-V-3.json */; };
		D38D4B4A1F06BD75006EF062 /* I-V-4.json in Resources */ = {isa = PBXBuildFile; fileRef = D38D4B391F06BD75006EF062 /* I-V-4.json */; };
		D38D4B4F1F06BD9A006EF062 /* I-IV-1subs.json in Resources */ = {isa = PBXBuildFile; fileRef = D38D4B4C1F06BD9A006EF062 /* I-IV-1subs.json */; };
		D38D4B501F06BD9A006EF062 /* I-IV-V-1subs.json in Resources */ = {isa = PBXBuildFile; fileRef = D38D4B4D1F06BD9A006EF062 /* I-IV-V-1subs.json */; };
		D38D4B511F06BD9A006EF062 /* I-V-1subs.json in Resources */ = {isa = PBXBuildFile; fileRef = D38D4B4E1F06BD9A006EF062 /* I-V-1subs.json */; };
		D38D4B571F06BDCC006EF062 /* secondaryDominants1.json in Resources */ = {isa = PBXBuildFile; fileRef = D38D4B531F06BDCC006EF062 /* secondaryDominants1.json */; };
		D38D4B581F06BDCC006EF062 /* secondaryDominants2.json in Resources */ = {isa = PBXBuildFile; fileRef = D38D4B541F06BDCC006EF062 /* secondaryDominants2.json */; };
		D38D4B591F06BDCC006EF062 /* secondaryDominants3.json in Resources */ = {isa = PBXBuildFile; fileRef = D38D4B551F06BDCC006EF062 /* secondaryDominants3.json */; };
		D38D4B5A1F06BDCC006EF062 /* secondaryDominants4.json in Resources */ = {isa = PBXBuildFile; fileRef = D38D4B561F06BDCC006EF062 /* secondaryDominants4.json */; };
		D38D4B5F1F06BE02006EF062 /* cadences1.json in Resources */ = {isa = PBXBuildFile; fileRef = D38D4B5C1F06BE02006EF062 /* cadences1.json */; };
		D38D4B601F06BE02006EF062 /* cadences2.json in Resources */ = {isa = PBXBuildFile; fileRef = D38D4B5D1F06BE02006EF062 /* cadences2.json */; };
		D38D4B611F06BE02006EF062 /* cadences3.json in Resources */ = {isa = PBXBuildFile; fileRef = D38D4B5E1F06BE02006EF062 /* cadences3.json */; };
		D38D4B671F06BE5D006EF062 /* keymodulations-1.json in Resources */ = {isa = PBXBuildFile; fileRef = D38D4B631F06BE5D006EF062 /* keymodulations-1.json */; };
		D38D4B681F06BE5D006EF062 /* keymodulations-2.json in Resources */ = {isa = PBXBuildFile; fileRef = D38D4B641F06BE5D006EF062 /* keymodulations-2.json */; };
		D38D4B691F06BE5D006EF062 /* keymodulations-3.json in Resources */ = {isa = PBXBuildFile; fileRef = D38D4B651F06BE5D006EF062 /* keymodulations-3.json */; };
		D38D4B6A1F06BE5D006EF062 /* keymodulations-4.json in Resources */ = {isa = PBXBuildFile; fileRef = D38D4B661F06BE5D006EF062 /* keymodulations-4.json */; };
		D38D4B6E1F06BF3A006EF062 /* bricks.json in Resources */ = {isa = PBXBuildFile; fileRef = D38D4B6C1F06BF3A006EF062 /* bricks.json */; };
		D38D4B6F1F06BF3A006EF062 /* pullbacks.json in Resources */ = {isa = PBXBuildFile; fileRef = D38D4B6D1F06BF3A006EF062 /* pullbacks.json */; };
		D38D4B711F06BF82006EF062 /* template.json in Resources */ = {isa = PBXBuildFile; fileRef = D38D4B701F06BF82006EF062 /* template.json */; };
		D38D4B7B1F06C03E006EF062 /* afternooninparis.json in Resources */ = {isa = PBXBuildFile; fileRef = D38D4B741F06C03E006EF062 /* afternooninparis.json */; };
		D38D4B7C1F06C03E006EF062 /* aintmisbehavin.json in Resources */ = {isa = PBXBuildFile; fileRef = D38D4B751F06C03E006EF062 /* aintmisbehavin.json */; };
		D38D4B7D1F06C03E006EF062 /* aliceinwonderland.json in Resources */ = {isa = PBXBuildFile; fileRef = D38D4B761F06C03E006EF062 /* aliceinwonderland.json */; };
		D38D4B7E1F06C03E006EF062 /* allofme.json in Resources */ = {isa = PBXBuildFile; fileRef = D38D4B771F06C03E006EF062 /* allofme.json */; };
		D38D4B7F1F06C03E006EF062 /* allthethingsyouare.json in Resources */ = {isa = PBXBuildFile; fileRef = D38D4B781F06C03E006EF062 /* allthethingsyouare.json */; };
		D38D4B801F06C03E006EF062 /* angeleyes.json in Resources */ = {isa = PBXBuildFile; fileRef = D38D4B791F06C03E006EF062 /* angeleyes.json */; };
		D38D4B811F06C03E006EF062 /* atrain.json in Resources */ = {isa = PBXBuildFile; fileRef = D38D4B7A1F06C03E006EF062 /* atrain.json */; };
		D38D4B851F06C06C006EF062 /* minorfolk.json in Resources */ = {isa = PBXBuildFile; fileRef = D38D4B831F06C06C006EF062 /* minorfolk.json */; };
		D38D4B861F06C06C006EF062 /* nomorecane.json in Resources */ = {isa = PBXBuildFile; fileRef = D38D4B841F06C06C006EF062 /* nomorecane.json */; };
		EABEE0E86F924C029A491614 /* Pods_iHearChangesSwift.framework in Frameworks */ = {isa = PBXBuildFile; fileRef = 2BE96FAF8DA874D54452A9FB /* Pods_iHearChangesSwift.framework */; };
/* End PBXBuildFile section */

/* Begin PBXContainerItemProxy section */
		D329DA0F1DDF7A9C0080D74F /* PBXContainerItemProxy */ = {
			isa = PBXContainerItemProxy;
			containerPortal = D329D9F21DDF7A9C0080D74F /* Project object */;
			proxyType = 1;
			remoteGlobalIDString = D329D9F91DDF7A9C0080D74F;
			remoteInfo = iHearChangesSwift;
		};
		D329DA1A1DDF7A9C0080D74F /* PBXContainerItemProxy */ = {
			isa = PBXContainerItemProxy;
			containerPortal = D329D9F21DDF7A9C0080D74F /* Project object */;
			proxyType = 1;
			remoteGlobalIDString = D329D9F91DDF7A9C0080D74F;
			remoteInfo = iHearChangesSwift;
		};
/* End PBXContainerItemProxy section */

/* Begin PBXFileReference section */
		2BE96FAF8DA874D54452A9FB /* Pods_iHearChangesSwift.framework */ = {isa = PBXFileReference; explicitFileType = wrapper.framework; includeInIndex = 0; path = Pods_iHearChangesSwift.framework; sourceTree = BUILT_PRODUCTS_DIR; };
		91E6A4C8BFF66A69777982AD /* Pods-iHearChangesSwift.debug.xcconfig */ = {isa = PBXFileReference; includeInIndex = 1; lastKnownFileType = text.xcconfig; name = "Pods-iHearChangesSwift.debug.xcconfig"; path = "Pods/Target Support Files/Pods-iHearChangesSwift/Pods-iHearChangesSwift.debug.xcconfig"; sourceTree = "<group>"; };
		A2FE4BA36AB27B9693A26FD6 /* Pods-iHearChangesSwift.release.xcconfig */ = {isa = PBXFileReference; includeInIndex = 1; lastKnownFileType = text.xcconfig; name = "Pods-iHearChangesSwift.release.xcconfig"; path = "Pods/Target Support Files/Pods-iHearChangesSwift/Pods-iHearChangesSwift.release.xcconfig"; sourceTree = "<group>"; };
		BE6C6C1B1F054BE100EBF61A /* rhodes_73.sf2 */ = {isa = PBXFileReference; lastKnownFileType = file; path = rhodes_73.sf2; sourceTree = "<group>"; };
		BEF3E2981E70BDC1007E33FE /* Experiments.playground */ = {isa = PBXFileReference; lastKnownFileType = file.playground; name = Experiments.playground; path = ../Experiments.playground; sourceTree = "<group>"; };
		D329D9FA1DDF7A9C0080D74F /* iHearChangesSwift.app */ = {isa = PBXFileReference; explicitFileType = wrapper.application; includeInIndex = 0; path = iHearChangesSwift.app; sourceTree = BUILT_PRODUCTS_DIR; };
		D329D9FD1DDF7A9C0080D74F /* AppDelegate.swift */ = {isa = PBXFileReference; lastKnownFileType = sourcecode.swift; path = AppDelegate.swift; sourceTree = "<group>"; };
		D329DA041DDF7A9C0080D74F /* Assets.xcassets */ = {isa = PBXFileReference; lastKnownFileType = folder.assetcatalog; path = Assets.xcassets; sourceTree = "<group>"; };
		D329DA071DDF7A9C0080D74F /* Base */ = {isa = PBXFileReference; lastKnownFileType = file.storyboard; name = Base; path = Base.lproj/LaunchScreen.storyboard; sourceTree = "<group>"; };
		D329DA091DDF7A9C0080D74F /* Info.plist */ = {isa = PBXFileReference; lastKnownFileType = text.plist.xml; path = Info.plist; sourceTree = "<group>"; };
		D329DA0E1DDF7A9C0080D74F /* iHearChangesSwiftTests.xctest */ = {isa = PBXFileReference; explicitFileType = wrapper.cfbundle; includeInIndex = 0; path = iHearChangesSwiftTests.xctest; sourceTree = BUILT_PRODUCTS_DIR; };
		D329DA121DDF7A9C0080D74F /* iHearChangesSwiftTests.swift */ = {isa = PBXFileReference; lastKnownFileType = sourcecode.swift; path = iHearChangesSwiftTests.swift; sourceTree = "<group>"; };
		D329DA141DDF7A9C0080D74F /* Info.plist */ = {isa = PBXFileReference; lastKnownFileType = text.plist.xml; path = Info.plist; sourceTree = "<group>"; };
		D329DA191DDF7A9C0080D74F /* iHearChangesSwiftUITests.xctest */ = {isa = PBXFileReference; explicitFileType = wrapper.cfbundle; includeInIndex = 0; path = iHearChangesSwiftUITests.xctest; sourceTree = BUILT_PRODUCTS_DIR; };
		D329DA1D1DDF7A9C0080D74F /* iHearChangesSwiftUITests.swift */ = {isa = PBXFileReference; lastKnownFileType = sourcecode.swift; path = iHearChangesSwiftUITests.swift; sourceTree = "<group>"; };
		D329DA1F1DDF7A9C0080D74F /* Info.plist */ = {isa = PBXFileReference; lastKnownFileType = text.plist.xml; path = Info.plist; sourceTree = "<group>"; };
		D329DA701DDF7E810080D74F /* iHearChangesSwift-Bridging-Header.h */ = {isa = PBXFileReference; lastKnownFileType = sourcecode.c.h; path = "iHearChangesSwift-Bridging-Header.h"; sourceTree = SOURCE_ROOT; };
		D329DA891DDF7F860080D74F /* Main.storyboard */ = {isa = PBXFileReference; fileEncoding = 4; lastKnownFileType = file.storyboard; path = Main.storyboard; sourceTree = "<group>"; };
		D329DA8A1DDF7F860080D74F /* AnswerPane.swift */ = {isa = PBXFileReference; fileEncoding = 4; lastKnownFileType = sourcecode.swift; path = AnswerPane.swift; sourceTree = "<group>"; };
		D38D4AEC1F069ABE006EF062 /* MidiManager.swift */ = {isa = PBXFileReference; fileEncoding = 4; lastKnownFileType = sourcecode.swift; name = MidiManager.swift; path = iHearChangesSwift/MidiManager.swift; sourceTree = "<group>"; };
		D38D4AF51F06BBAB006EF062 /* AppStatusModels.swift */ = {isa = PBXFileReference; fileEncoding = 4; lastKnownFileType = sourcecode.swift; name = AppStatusModels.swift; path = iHearChangesSwift/models/AppStatusModels.swift; sourceTree = "<group>"; };
		D38D4AF61F06BBAB006EF062 /* Chord.h */ = {isa = PBXFileReference; fileEncoding = 4; lastKnownFileType = sourcecode.c.h; name = Chord.h; path = iHearChangesSwift/models/Chord.h; sourceTree = "<group>"; };
		D38D4AF71F06BBAB006EF062 /* Chord.m */ = {isa = PBXFileReference; fileEncoding = 4; lastKnownFileType = sourcecode.c.objc; name = Chord.m; path = iHearChangesSwift/models/Chord.m; sourceTree = "<group>"; };
		D38D4AF81F06BBAB006EF062 /* ChordFunction.h */ = {isa = PBXFileReference; fileEncoding = 4; lastKnownFileType = sourcecode.c.h; name = ChordFunction.h; path = iHearChangesSwift/models/ChordFunction.h; sourceTree = "<group>"; };
		D38D4AF91F06BBAB006EF062 /* ChordFunction.m */ = {isa = PBXFileReference; fileEncoding = 4; lastKnownFileType = sourcecode.c.objc; name = ChordFunction.m; path = iHearChangesSwift/models/ChordFunction.m; sourceTree = "<group>"; };
		D38D4AFA1F06BBAB006EF062 /* Player.h */ = {isa = PBXFileReference; fileEncoding = 4; lastKnownFileType = sourcecode.c.h; name = Player.h; path = iHearChangesSwift/models/Player.h; sourceTree = "<group>"; };
		D38D4AFB1F06BBAB006EF062 /* Player.m */ = {isa = PBXFileReference; fileEncoding = 4; lastKnownFileType = sourcecode.c.objc; name = Player.m; path = iHearChangesSwift/models/Player.m; sourceTree = "<group>"; };
		D38D4AFC1F06BBAB006EF062 /* Progression.h */ = {isa = PBXFileReference; fileEncoding = 4; lastKnownFileType = sourcecode.c.h; name = Progression.h; path = iHearChangesSwift/models/Progression.h; sourceTree = "<group>"; };
		D38D4AFD1F06BBAB006EF062 /* Progression.m */ = {isa = PBXFileReference; fileEncoding = 4; lastKnownFileType = sourcecode.c.objc; name = Progression.m; path = iHearChangesSwift/models/Progression.m; sourceTree = "<group>"; };
		D38D4AFE1F06BBAB006EF062 /* SequenceTemplate.h */ = {isa = PBXFileReference; fileEncoding = 4; lastKnownFileType = sourcecode.c.h; name = SequenceTemplate.h; path = iHearChangesSwift/models/SequenceTemplate.h; sourceTree = "<group>"; };
		D38D4AFF1F06BBAB006EF062 /* SequenceTemplate.m */ = {isa = PBXFileReference; fileEncoding = 4; lastKnownFileType = sourcecode.c.objc; name = SequenceTemplate.m; path = iHearChangesSwift/models/SequenceTemplate.m; sourceTree = "<group>"; };
		D38D4B001F06BBAB006EF062 /* Timing.h */ = {isa = PBXFileReference; fileEncoding = 4; lastKnownFileType = sourcecode.c.h; name = Timing.h; path = iHearChangesSwift/models/Timing.h; sourceTree = "<group>"; };
		D38D4B011F06BBAB006EF062 /* Timing.m */ = {isa = PBXFileReference; fileEncoding = 4; lastKnownFileType = sourcecode.c.objc; name = Timing.m; path = iHearChangesSwift/models/Timing.m; sourceTree = "<group>"; };
		D38D4B021F06BBAB006EF062 /* Tune.h */ = {isa = PBXFileReference; fileEncoding = 4; lastKnownFileType = sourcecode.c.h; name = Tune.h; path = iHearChangesSwift/models/Tune.h; sourceTree = "<group>"; };
		D38D4B031F06BBAB006EF062 /* Tune.m */ = {isa = PBXFileReference; fileEncoding = 4; lastKnownFileType = sourcecode.c.objc; name = Tune.m; path = iHearChangesSwift/models/Tune.m; sourceTree = "<group>"; };
		D38D4B0C1F06BBE6006EF062 /* CheckBox.swift */ = {isa = PBXFileReference; fileEncoding = 4; lastKnownFileType = sourcecode.swift; name = CheckBox.swift; path = "User Interface/CheckBox.swift"; sourceTree = "<group>"; };
		D38D4B0D1F06BBE6006EF062 /* CollapsibleTableViewHeader.swift */ = {isa = PBXFileReference; fileEncoding = 4; lastKnownFileType = sourcecode.swift; name = CollapsibleTableViewHeader.swift; path = "User Interface/CollapsibleTableViewHeader.swift"; sourceTree = "<group>"; };
		D38D4B0E1F06BBE6006EF062 /* CustomSlider.swift */ = {isa = PBXFileReference; fileEncoding = 4; lastKnownFileType = sourcecode.swift; name = CustomSlider.swift; path = "User Interface/CustomSlider.swift"; sourceTree = "<group>"; };
		D38D4B0F1F06BBE6006EF062 /* Extensions.swift */ = {isa = PBXFileReference; fileEncoding = 4; lastKnownFileType = sourcecode.swift; name = Extensions.swift; path = "User Interface/Extensions.swift"; sourceTree = "<group>"; };
		D38D4B101F06BBE6006EF062 /* InfoViewController.swift */ = {isa = PBXFileReference; fileEncoding = 4; lastKnownFileType = sourcecode.swift; name = InfoViewController.swift; path = "User Interface/InfoViewController.swift"; sourceTree = "<group>"; };
		D38D4B111F06BBE6006EF062 /* MainDisplay.swift */ = {isa = PBXFileReference; fileEncoding = 4; lastKnownFileType = sourcecode.swift; name = MainDisplay.swift; path = "User Interface/MainDisplay.swift"; sourceTree = "<group>"; };
		D38D4B121F06BBE6006EF062 /* MainDisplayCollectionViewExtensions.swift */ = {isa = PBXFileReference; fileEncoding = 4; lastKnownFileType = sourcecode.swift; name = MainDisplayCollectionViewExtensions.swift; path = "User Interface/MainDisplayCollectionViewExtensions.swift"; sourceTree = "<group>"; };
		D38D4B131F06BBE6006EF062 /* MainDisplaySupportPaneExtensions.swift */ = {isa = PBXFileReference; fileEncoding = 4; lastKnownFileType = sourcecode.swift; name = MainDisplaySupportPaneExtensions.swift; path = "User Interface/MainDisplaySupportPaneExtensions.swift"; sourceTree = "<group>"; };
		D38D4B141F06BBE6006EF062 /* MainMenuViewController.swift */ = {isa = PBXFileReference; fileEncoding = 4; lastKnownFileType = sourcecode.swift; name = MainMenuViewController.swift; path = "User Interface/MainMenuViewController.swift"; sourceTree = "<group>"; };
		D38D4B151F06BBE6006EF062 /* MeasureCell.swift */ = {isa = PBXFileReference; fileEncoding = 4; lastKnownFileType = sourcecode.swift; name = MeasureCell.swift; path = "User Interface/MeasureCell.swift"; sourceTree = "<group>"; };
		D38D4B161F06BBE6006EF062 /* MixPane.swift */ = {isa = PBXFileReference; fileEncoding = 4; lastKnownFileType = sourcecode.swift; name = MixPane.swift; path = "User Interface/MixPane.swift"; sourceTree = "<group>"; };
		D38D4B171F06BBE6006EF062 /* PlaybackPane.swift */ = {isa = PBXFileReference; fileEncoding = 4; lastKnownFileType = sourcecode.swift; name = PlaybackPane.swift; path = "User Interface/PlaybackPane.swift"; sourceTree = "<group>"; };
		D38D4B191F06BBE6006EF062 /* RangeSlider.swift */ = {isa = PBXFileReference; fileEncoding = 4; lastKnownFileType = sourcecode.swift; name = RangeSlider.swift; path = "User Interface/RangeSlider.swift"; sourceTree = "<group>"; };
		D38D4B291F06BD75006EF062 /* I-IV-1.json */ = {isa = PBXFileReference; fileEncoding = 4; lastKnownFileType = text.json; name = "I-IV-1.json"; path = "lessons/basics-1/I-IV-1.json"; sourceTree = "<group>"; };
		D38D4B2A1F06BD75006EF062 /* I-IV-2.json */ = {isa = PBXFileReference; fileEncoding = 4; lastKnownFileType = text.json; name = "I-IV-2.json"; path = "lessons/basics-1/I-IV-2.json"; sourceTree = "<group>"; };
		D38D4B2B1F06BD75006EF062 /* I-IV-3.json */ = {isa = PBXFileReference; fileEncoding = 4; lastKnownFileType = text.json; name = "I-IV-3.json"; path = "lessons/basics-1/I-IV-3.json"; sourceTree = "<group>"; };
		D38D4B2C1F06BD75006EF062 /* I-IV-4.json */ = {isa = PBXFileReference; fileEncoding = 4; lastKnownFileType = text.json; name = "I-IV-4.json"; path = "lessons/basics-1/I-IV-4.json"; sourceTree = "<group>"; };
		D38D4B2D1F06BD75006EF062 /* I-IV-V-1.json */ = {isa = PBXFileReference; fileEncoding = 4; lastKnownFileType = text.json; name = "I-IV-V-1.json"; path = "lessons/basics-1/I-IV-V-1.json"; sourceTree = "<group>"; };
		D38D4B2E1F06BD75006EF062 /* I-IV-V-2.json */ = {isa = PBXFileReference; fileEncoding = 4; lastKnownFileType = text.json; name = "I-IV-V-2.json"; path = "lessons/basics-1/I-IV-V-2.json"; sourceTree = "<group>"; };
		D38D4B2F1F06BD75006EF062 /* I-IV-V-3.json */ = {isa = PBXFileReference; fileEncoding = 4; lastKnownFileType = text.json; name = "I-IV-V-3.json"; path = "lessons/basics-1/I-IV-V-3.json"; sourceTree = "<group>"; };
		D38D4B301F06BD75006EF062 /* I-IV-V-4.json */ = {isa = PBXFileReference; fileEncoding = 4; lastKnownFileType = text.json; name = "I-IV-V-4.json"; path = "lessons/basics-1/I-IV-V-4.json"; sourceTree = "<group>"; };
		D38D4B311F06BD75006EF062 /* I-IV-V-5.json */ = {isa = PBXFileReference; fileEncoding = 4; lastKnownFileType = text.json; name = "I-IV-V-5.json"; path = "lessons/basics-1/I-IV-V-5.json"; sourceTree = "<group>"; };
		D38D4B321F06BD75006EF062 /* I-IV-V-6.json */ = {isa = PBXFileReference; fileEncoding = 4; lastKnownFileType = text.json; name = "I-IV-V-6.json"; path = "lessons/basics-1/I-IV-V-6.json"; sourceTree = "<group>"; };
		D38D4B331F06BD75006EF062 /* I-IV-V-7.json */ = {isa = PBXFileReference; fileEncoding = 4; lastKnownFileType = text.json; name = "I-IV-V-7.json"; path = "lessons/basics-1/I-IV-V-7.json"; sourceTree = "<group>"; };
		D38D4B341F06BD75006EF062 /* I-IV-V-8.json */ = {isa = PBXFileReference; fileEncoding = 4; lastKnownFileType = text.json; name = "I-IV-V-8.json"; path = "lessons/basics-1/I-IV-V-8.json"; sourceTree = "<group>"; };
		D38D4B351F06BD75006EF062 /* I-IV-V-9.json */ = {isa = PBXFileReference; fileEncoding = 4; lastKnownFileType = text.json; name = "I-IV-V-9.json"; path = "lessons/basics-1/I-IV-V-9.json"; sourceTree = "<group>"; };
		D38D4B361F06BD75006EF062 /* I-V-1.json */ = {isa = PBXFileReference; fileEncoding = 4; lastKnownFileType = text.json; name = "I-V-1.json"; path = "lessons/basics-1/I-V-1.json"; sourceTree = "<group>"; };
		D38D4B371F06BD75006EF062 /* I-V-2.json */ = {isa = PBXFileReference; fileEncoding = 4; lastKnownFileType = text.json; name = "I-V-2.json"; path = "lessons/basics-1/I-V-2.json"; sourceTree = "<group>"; };
		D38D4B381F06BD75006EF062 /* I-V-3.json */ = {isa = PBXFileReference; fileEncoding = 4; lastKnownFileType = text.json; name = "I-V-3.json"; path = "lessons/basics-1/I-V-3.json"; sourceTree = "<group>"; };
		D38D4B391F06BD75006EF062 /* I-V-4.json */ = {isa = PBXFileReference; fileEncoding = 4; lastKnownFileType = text.json; name = "I-V-4.json"; path = "lessons/basics-1/I-V-4.json"; sourceTree = "<group>"; };
		D38D4B4C1F06BD9A006EF062 /* I-IV-1subs.json */ = {isa = PBXFileReference; fileEncoding = 4; lastKnownFileType = text.json; name = "I-IV-1subs.json"; path = "lessons/basics-2/I-IV-1subs.json"; sourceTree = "<group>"; };
		D38D4B4D1F06BD9A006EF062 /* I-IV-V-1subs.json */ = {isa = PBXFileReference; fileEncoding = 4; lastKnownFileType = text.json; name = "I-IV-V-1subs.json"; path = "lessons/basics-2/I-IV-V-1subs.json"; sourceTree = "<group>"; };
		D38D4B4E1F06BD9A006EF062 /* I-V-1subs.json */ = {isa = PBXFileReference; fileEncoding = 4; lastKnownFileType = text.json; name = "I-V-1subs.json"; path = "lessons/basics-2/I-V-1subs.json"; sourceTree = "<group>"; };
		D38D4B531F06BDCC006EF062 /* secondaryDominants1.json */ = {isa = PBXFileReference; fileEncoding = 4; lastKnownFileType = text.json; name = secondaryDominants1.json; path = "lessons/secondary-dominants/secondaryDominants1.json"; sourceTree = "<group>"; };
		D38D4B541F06BDCC006EF062 /* secondaryDominants2.json */ = {isa = PBXFileReference; fileEncoding = 4; lastKnownFileType = text.json; name = secondaryDominants2.json; path = "lessons/secondary-dominants/secondaryDominants2.json"; sourceTree = "<group>"; };
		D38D4B551F06BDCC006EF062 /* secondaryDominants3.json */ = {isa = PBXFileReference; fileEncoding = 4; lastKnownFileType = text.json; name = secondaryDominants3.json; path = "lessons/secondary-dominants/secondaryDominants3.json"; sourceTree = "<group>"; };
		D38D4B561F06BDCC006EF062 /* secondaryDominants4.json */ = {isa = PBXFileReference; fileEncoding = 4; lastKnownFileType = text.json; name = secondaryDominants4.json; path = "lessons/secondary-dominants/secondaryDominants4.json"; sourceTree = "<group>"; };
		D38D4B5C1F06BE02006EF062 /* cadences1.json */ = {isa = PBXFileReference; fileEncoding = 4; lastKnownFileType = text.json; name = cadences1.json; path = lessons/cadences/cadences1.json; sourceTree = "<group>"; };
		D38D4B5D1F06BE02006EF062 /* cadences2.json */ = {isa = PBXFileReference; fileEncoding = 4; lastKnownFileType = text.json; name = cadences2.json; path = lessons/cadences/cadences2.json; sourceTree = "<group>"; };
		D38D4B5E1F06BE02006EF062 /* cadences3.json */ = {isa = PBXFileReference; fileEncoding = 4; lastKnownFileType = text.json; name = cadences3.json; path = lessons/cadences/cadences3.json; sourceTree = "<group>"; };
		D38D4B631F06BE5D006EF062 /* keymodulations-1.json */ = {isa = PBXFileReference; fileEncoding = 4; lastKnownFileType = text.json; name = "keymodulations-1.json"; path = "lessons/key-modulations/keymodulations-1.json"; sourceTree = "<group>"; };
		D38D4B641F06BE5D006EF062 /* keymodulations-2.json */ = {isa = PBXFileReference; fileEncoding = 4; lastKnownFileType = text.json; name = "keymodulations-2.json"; path = "lessons/key-modulations/keymodulations-2.json"; sourceTree = "<group>"; };
		D38D4B651F06BE5D006EF062 /* keymodulations-3.json */ = {isa = PBXFileReference; fileEncoding = 4; lastKnownFileType = text.json; name = "keymodulations-3.json"; path = "lessons/key-modulations/keymodulations-3.json"; sourceTree = "<group>"; };
		D38D4B661F06BE5D006EF062 /* keymodulations-4.json */ = {isa = PBXFileReference; fileEncoding = 4; lastKnownFileType = text.json; name = "keymodulations-4.json"; path = "lessons/key-modulations/keymodulations-4.json"; sourceTree = "<group>"; };
		D38D4B6C1F06BF3A006EF062 /* bricks.json */ = {isa = PBXFileReference; fileEncoding = 4; lastKnownFileType = text.json; name = bricks.json; path = "lessons/adv-misc-progressions/bricks.json"; sourceTree = "<group>"; };
		D38D4B6D1F06BF3A006EF062 /* pullbacks.json */ = {isa = PBXFileReference; fileEncoding = 4; lastKnownFileType = text.json; name = pullbacks.json; path = "lessons/adv-misc-progressions/pullbacks.json"; sourceTree = "<group>"; };
		D38D4B701F06BF82006EF062 /* template.json */ = {isa = PBXFileReference; fileEncoding = 4; lastKnownFileType = text.json; name = template.json; path = lessons/template.json; sourceTree = "<group>"; };
		D38D4B741F06C03E006EF062 /* afternooninparis.json */ = {isa = PBXFileReference; fileEncoding = 4; lastKnownFileType = text.json; name = afternooninparis.json; path = "lessons/jazz-standards/afternooninparis.json"; sourceTree = "<group>"; };
		D38D4B751F06C03E006EF062 /* aintmisbehavin.json */ = {isa = PBXFileReference; fileEncoding = 4; lastKnownFileType = text.json; name = aintmisbehavin.json; path = "lessons/jazz-standards/aintmisbehavin.json"; sourceTree = "<group>"; };
		D38D4B761F06C03E006EF062 /* aliceinwonderland.json */ = {isa = PBXFileReference; fileEncoding = 4; lastKnownFileType = text.json; name = aliceinwonderland.json; path = "lessons/jazz-standards/aliceinwonderland.json"; sourceTree = "<group>"; };
		D38D4B771F06C03E006EF062 /* allofme.json */ = {isa = PBXFileReference; fileEncoding = 4; lastKnownFileType = text.json; name = allofme.json; path = "lessons/jazz-standards/allofme.json"; sourceTree = "<group>"; };
		D38D4B781F06C03E006EF062 /* allthethingsyouare.json */ = {isa = PBXFileReference; fileEncoding = 4; lastKnownFileType = text.json; name = allthethingsyouare.json; path = "lessons/jazz-standards/allthethingsyouare.json"; sourceTree = "<group>"; };
		D38D4B791F06C03E006EF062 /* angeleyes.json */ = {isa = PBXFileReference; fileEncoding = 4; lastKnownFileType = text.json; name = angeleyes.json; path = "lessons/jazz-standards/angeleyes.json"; sourceTree = "<group>"; };
		D38D4B7A1F06C03E006EF062 /* atrain.json */ = {isa = PBXFileReference; fileEncoding = 4; lastKnownFileType = text.json; name = atrain.json; path = "lessons/jazz-standards/atrain.json"; sourceTree = "<group>"; };
		D38D4B831F06C06C006EF062 /* minorfolk.json */ = {isa = PBXFileReference; fileEncoding = 4; lastKnownFileType = text.json; name = minorfolk.json; path = "lessons/folk-tunes/minorfolk.json"; sourceTree = "<group>"; };
		D38D4B841F06C06C006EF062 /* nomorecane.json */ = {isa = PBXFileReference; fileEncoding = 4; lastKnownFileType = text.json; name = nomorecane.json; path = "lessons/folk-tunes/nomorecane.json"; sourceTree = "<group>"; };
/* End PBXFileReference section */

/* Begin PBXFrameworksBuildPhase section */
		D329D9F71DDF7A9C0080D74F /* Frameworks */ = {
			isa = PBXFrameworksBuildPhase;
			buildActionMask = 2147483647;
			files = (
				EABEE0E86F924C029A491614 /* Pods_iHearChangesSwift.framework in Frameworks */,
			);
			runOnlyForDeploymentPostprocessing = 0;
		};
		D329DA0B1DDF7A9C0080D74F /* Frameworks */ = {
			isa = PBXFrameworksBuildPhase;
			buildActionMask = 2147483647;
			files = (
			);
			runOnlyForDeploymentPostprocessing = 0;
		};
		D329DA161DDF7A9C0080D74F /* Frameworks */ = {
			isa = PBXFrameworksBuildPhase;
			buildActionMask = 2147483647;
			files = (
			);
			runOnlyForDeploymentPostprocessing = 0;
		};
/* End PBXFrameworksBuildPhase section */

/* Begin PBXGroup section */
		35687AF5B0B14B5A795AC16C /* Frameworks */ = {
			isa = PBXGroup;
			children = (
				2BE96FAF8DA874D54452A9FB /* Pods_iHearChangesSwift.framework */,
			);
			name = Frameworks;
			sourceTree = "<group>";
		};
		5A2994FF9DB50B7B90F4E967 /* Pods */ = {
			isa = PBXGroup;
			children = (
				91E6A4C8BFF66A69777982AD /* Pods-iHearChangesSwift.debug.xcconfig */,
				A2FE4BA36AB27B9693A26FD6 /* Pods-iHearChangesSwift.release.xcconfig */,
			);
			name = Pods;
			sourceTree = "<group>";
		};
		D329D9F11DDF7A9C0080D74F = {
			isa = PBXGroup;
			children = (
				D329D9FC1DDF7A9C0080D74F /* iHearChangesSwift */,
				D329DA111DDF7A9C0080D74F /* iHearChangesSwiftTests */,
				D329DA1C1DDF7A9C0080D74F /* iHearChangesSwiftUITests */,
				D329D9FB1DDF7A9C0080D74F /* Products */,
				5A2994FF9DB50B7B90F4E967 /* Pods */,
				35687AF5B0B14B5A795AC16C /* Frameworks */,
			);
			sourceTree = "<group>";
		};
		D329D9FB1DDF7A9C0080D74F /* Products */ = {
			isa = PBXGroup;
			children = (
				D329D9FA1DDF7A9C0080D74F /* iHearChangesSwift.app */,
				D329DA0E1DDF7A9C0080D74F /* iHearChangesSwiftTests.xctest */,
				D329DA191DDF7A9C0080D74F /* iHearChangesSwiftUITests.xctest */,
			);
			name = Products;
			sourceTree = "<group>";
		};
		D329D9FC1DDF7A9C0080D74F /* iHearChangesSwift */ = {
			isa = PBXGroup;
			children = (
				BEF3E2981E70BDC1007E33FE /* Experiments.playground */,
				D329DA2B1DDF7DAF0080D74F /* soundfonts */,
				D329DA2E1DDF7DE90080D74F /* lessons */,
				D329DA6F1DDF7E6E0080D74F /* models */,
				D38D4B881F06C0E2006EF062 /* UI */,
				D329DA701DDF7E810080D74F /* iHearChangesSwift-Bridging-Header.h */,
				D329D9FD1DDF7A9C0080D74F /* AppDelegate.swift */,
				D329DA041DDF7A9C0080D74F /* Assets.xcassets */,
				D329DA061DDF7A9C0080D74F /* LaunchScreen.storyboard */,
				D329DA091DDF7A9C0080D74F /* Info.plist */,
			);
			path = iHearChangesSwift;
			sourceTree = "<group>";
		};
		D329DA111DDF7A9C0080D74F /* iHearChangesSwiftTests */ = {
			isa = PBXGroup;
			children = (
				D329DA121DDF7A9C0080D74F /* iHearChangesSwiftTests.swift */,
				D329DA141DDF7A9C0080D74F /* Info.plist */,
			);
			path = iHearChangesSwiftTests;
			sourceTree = "<group>";
		};
		D329DA1C1DDF7A9C0080D74F /* iHearChangesSwiftUITests */ = {
			isa = PBXGroup;
			children = (
				D329DA1D1DDF7A9C0080D74F /* iHearChangesSwiftUITests.swift */,
				D329DA1F1DDF7A9C0080D74F /* Info.plist */,
			);
			path = iHearChangesSwiftUITests;
			sourceTree = "<group>";
		};
		D329DA2B1DDF7DAF0080D74F /* soundfonts */ = {
			isa = PBXGroup;
			children = (
				BE6C6C1B1F054BE100EBF61A /* rhodes_73.sf2 */,
			);
			name = soundfonts;
			path = ..;
			sourceTree = "<group>";
		};
		D329DA2E1DDF7DE90080D74F /* lessons */ = {
			isa = PBXGroup;
			children = (
				D38D4B701F06BF82006EF062 /* template.json */,
				D38D4B281F06BD45006EF062 /* basics-1 */,
				D38D4B4B1F06BD7F006EF062 /* basics-2 */,
				D38D4B821F06C04E006EF062 /* folk-tunes */,
				D38D4B521F06BDA7006EF062 /* secondary-dominants */,
				D38D4B5B1F06BDE1006EF062 /* cadences */,
				D38D4B621F06BE40006EF062 /* key-modulations */,
				D38D4B6B1F06BEB3006EF062 /* adv-misc-progressions */,
				D38D4B731F06C020006EF062 /* jazz-progressions */,
			);
			name = lessons;
			path = ..;
			sourceTree = "<group>";
		};
		D329DA6F1DDF7E6E0080D74F /* models */ = {
			isa = PBXGroup;
			children = (
				D38D4AF51F06BBAB006EF062 /* AppStatusModels.swift */,
				D38D4AF61F06BBAB006EF062 /* Chord.h */,
				D38D4AF71F06BBAB006EF062 /* Chord.m */,
				D38D4AF81F06BBAB006EF062 /* ChordFunction.h */,
				D38D4AF91F06BBAB006EF062 /* ChordFunction.m */,
				D38D4AEC1F069ABE006EF062 /* MidiManager.swift */,
				D38D4AFA1F06BBAB006EF062 /* Player.h */,
				D38D4AFB1F06BBAB006EF062 /* Player.m */,
				D38D4AFC1F06BBAB006EF062 /* Progression.h */,
				D38D4AFD1F06BBAB006EF062 /* Progression.m */,
				D38D4AFE1F06BBAB006EF062 /* SequenceTemplate.h */,
				D38D4AFF1F06BBAB006EF062 /* SequenceTemplate.m */,
				D38D4B001F06BBAB006EF062 /* Timing.h */,
				D38D4B011F06BBAB006EF062 /* Timing.m */,
				D38D4B021F06BBAB006EF062 /* Tune.h */,
				D38D4B031F06BBAB006EF062 /* Tune.m */,
			);
			name = models;
			path = ..;
			sourceTree = "<group>";
		};
		D38D4B281F06BD45006EF062 /* basics-1 */ = {
			isa = PBXGroup;
			children = (
				D38D4B291F06BD75006EF062 /* I-IV-1.json */,
				D38D4B2A1F06BD75006EF062 /* I-IV-2.json */,
				D38D4B2B1F06BD75006EF062 /* I-IV-3.json */,
				D38D4B2C1F06BD75006EF062 /* I-IV-4.json */,
				D38D4B2D1F06BD75006EF062 /* I-IV-V-1.json */,
				D38D4B2E1F06BD75006EF062 /* I-IV-V-2.json */,
				D38D4B2F1F06BD75006EF062 /* I-IV-V-3.json */,
				D38D4B301F06BD75006EF062 /* I-IV-V-4.json */,
				D38D4B311F06BD75006EF062 /* I-IV-V-5.json */,
				D38D4B321F06BD75006EF062 /* I-IV-V-6.json */,
				D38D4B331F06BD75006EF062 /* I-IV-V-7.json */,
				D38D4B341F06BD75006EF062 /* I-IV-V-8.json */,
				D38D4B351F06BD75006EF062 /* I-IV-V-9.json */,
				D38D4B361F06BD75006EF062 /* I-V-1.json */,
				D38D4B371F06BD75006EF062 /* I-V-2.json */,
				D38D4B381F06BD75006EF062 /* I-V-3.json */,
				D38D4B391F06BD75006EF062 /* I-V-4.json */,
			);
			name = "basics-1";
			sourceTree = "<group>";
		};
		D38D4B4B1F06BD7F006EF062 /* basics-2 */ = {
			isa = PBXGroup;
			children = (
				D38D4B4C1F06BD9A006EF062 /* I-IV-1subs.json */,
				D38D4B4D1F06BD9A006EF062 /* I-IV-V-1subs.json */,
				D38D4B4E1F06BD9A006EF062 /* I-V-1subs.json */,
			);
			name = "basics-2";
			sourceTree = "<group>";
		};
		D38D4B521F06BDA7006EF062 /* secondary-dominants */ = {
			isa = PBXGroup;
			children = (
				D38D4B531F06BDCC006EF062 /* secondaryDominants1.json */,
				D38D4B541F06BDCC006EF062 /* secondaryDominants2.json */,
				D38D4B551F06BDCC006EF062 /* secondaryDominants3.json */,
				D38D4B561F06BDCC006EF062 /* secondaryDominants4.json */,
			);
			name = "secondary-dominants";
			sourceTree = "<group>";
		};
		D38D4B5B1F06BDE1006EF062 /* cadences */ = {
			isa = PBXGroup;
			children = (
				D38D4B5C1F06BE02006EF062 /* cadences1.json */,
				D38D4B5D1F06BE02006EF062 /* cadences2.json */,
				D38D4B5E1F06BE02006EF062 /* cadences3.json */,
			);
			name = cadences;
			sourceTree = "<group>";
		};
		D38D4B621F06BE40006EF062 /* key-modulations */ = {
			isa = PBXGroup;
			children = (
				D38D4B631F06BE5D006EF062 /* keymodulations-1.json */,
				D38D4B641F06BE5D006EF062 /* keymodulations-2.json */,
				D38D4B651F06BE5D006EF062 /* keymodulations-3.json */,
				D38D4B661F06BE5D006EF062 /* keymodulations-4.json */,
			);
			name = "key-modulations";
			sourceTree = "<group>";
		};
		D38D4B6B1F06BEB3006EF062 /* adv-misc-progressions */ = {
			isa = PBXGroup;
			children = (
				D38D4B6C1F06BF3A006EF062 /* bricks.json */,
				D38D4B6D1F06BF3A006EF062 /* pullbacks.json */,
			);
			name = "adv-misc-progressions";
			sourceTree = "<group>";
		};
		D38D4B731F06C020006EF062 /* jazz-progressions */ = {
			isa = PBXGroup;
			children = (
				D38D4B741F06C03E006EF062 /* afternooninparis.json */,
				D38D4B751F06C03E006EF062 /* aintmisbehavin.json */,
				D38D4B761F06C03E006EF062 /* aliceinwonderland.json */,
				D38D4B771F06C03E006EF062 /* allofme.json */,
				D38D4B781F06C03E006EF062 /* allthethingsyouare.json */,
				D38D4B791F06C03E006EF062 /* angeleyes.json */,
				D38D4B7A1F06C03E006EF062 /* atrain.json */,
			);
			name = "jazz-progressions";
			sourceTree = "<group>";
		};
		D38D4B821F06C04E006EF062 /* folk-tunes */ = {
			isa = PBXGroup;
			children = (
				D38D4B831F06C06C006EF062 /* minorfolk.json */,
				D38D4B841F06C06C006EF062 /* nomorecane.json */,
			);
			name = "folk-tunes";
			sourceTree = "<group>";
		};
		D38D4B881F06C0E2006EF062 /* UI */ = {
			isa = PBXGroup;
			children = (
				D38D4B0C1F06BBE6006EF062 /* CheckBox.swift */,
				D38D4B0D1F06BBE6006EF062 /* CollapsibleTableViewHeader.swift */,
				D38D4B0E1F06BBE6006EF062 /* CustomSlider.swift */,
				D38D4B0F1F06BBE6006EF062 /* Extensions.swift */,
				D38D4B101F06BBE6006EF062 /* InfoViewController.swift */,
				D38D4B111F06BBE6006EF062 /* MainDisplay.swift */,
				D38D4B121F06BBE6006EF062 /* MainDisplayCollectionViewExtensions.swift */,
				D38D4B131F06BBE6006EF062 /* MainDisplaySupportPaneExtensions.swift */,
				D38D4B141F06BBE6006EF062 /* MainMenuViewController.swift */,
				D38D4B151F06BBE6006EF062 /* MeasureCell.swift */,
				D38D4B161F06BBE6006EF062 /* MixPane.swift */,
				D38D4B171F06BBE6006EF062 /* PlaybackPane.swift */,
				D38D4B191F06BBE6006EF062 /* RangeSlider.swift */,
				D329DA891DDF7F860080D74F /* Main.storyboard */,
				D329DA8A1DDF7F860080D74F /* AnswerPane.swift */,
			);
			name = UI;
			sourceTree = "<group>";
		};
/* End PBXGroup section */

/* Begin PBXNativeTarget section */
		D329D9F91DDF7A9C0080D74F /* iHearChangesSwift */ = {
			isa = PBXNativeTarget;
			buildConfigurationList = D329DA221DDF7A9C0080D74F /* Build configuration list for PBXNativeTarget "iHearChangesSwift" */;
			buildPhases = (
				E76F6A7F8614E3753EE659DD /* [CP] Check Pods Manifest.lock */,
				D329D9F61DDF7A9C0080D74F /* Sources */,
				D329D9F71DDF7A9C0080D74F /* Frameworks */,
				D329D9F81DDF7A9C0080D74F /* Resources */,
				B96441A5E023872C5F694990 /* [CP] Embed Pods Frameworks */,
				81ABC44D15C6C1EF06A3721E /* [CP] Copy Pods Resources */,
			);
			buildRules = (
			);
			dependencies = (
			);
			name = iHearChangesSwift;
			productName = iHearChangesSwift;
			productReference = D329D9FA1DDF7A9C0080D74F /* iHearChangesSwift.app */;
			productType = "com.apple.product-type.application";
		};
		D329DA0D1DDF7A9C0080D74F /* iHearChangesSwiftTests */ = {
			isa = PBXNativeTarget;
			buildConfigurationList = D329DA251DDF7A9C0080D74F /* Build configuration list for PBXNativeTarget "iHearChangesSwiftTests" */;
			buildPhases = (
				D329DA0A1DDF7A9C0080D74F /* Sources */,
				D329DA0B1DDF7A9C0080D74F /* Frameworks */,
				D329DA0C1DDF7A9C0080D74F /* Resources */,
			);
			buildRules = (
			);
			dependencies = (
				D329DA101DDF7A9C0080D74F /* PBXTargetDependency */,
			);
			name = iHearChangesSwiftTests;
			productName = iHearChangesSwiftTests;
			productReference = D329DA0E1DDF7A9C0080D74F /* iHearChangesSwiftTests.xctest */;
			productType = "com.apple.product-type.bundle.unit-test";
		};
		D329DA181DDF7A9C0080D74F /* iHearChangesSwiftUITests */ = {
			isa = PBXNativeTarget;
			buildConfigurationList = D329DA281DDF7A9C0080D74F /* Build configuration list for PBXNativeTarget "iHearChangesSwiftUITests" */;
			buildPhases = (
				D329DA151DDF7A9C0080D74F /* Sources */,
				D329DA161DDF7A9C0080D74F /* Frameworks */,
				D329DA171DDF7A9C0080D74F /* Resources */,
			);
			buildRules = (
			);
			dependencies = (
				D329DA1B1DDF7A9C0080D74F /* PBXTargetDependency */,
			);
			name = iHearChangesSwiftUITests;
			productName = iHearChangesSwiftUITests;
			productReference = D329DA191DDF7A9C0080D74F /* iHearChangesSwiftUITests.xctest */;
			productType = "com.apple.product-type.bundle.ui-testing";
		};
/* End PBXNativeTarget section */

/* Begin PBXProject section */
		D329D9F21DDF7A9C0080D74F /* Project object */ = {
			isa = PBXProject;
			attributes = {
				LastSwiftUpdateCheck = 0800;
				LastUpgradeCheck = 0800;
				ORGANIZATIONNAME = fakeancient;
				TargetAttributes = {
					D329D9F91DDF7A9C0080D74F = {
						CreatedOnToolsVersion = 8.0;
						DevelopmentTeam = EP95Q9Q2HM;
						LastSwiftMigration = 0800;
						ProvisioningStyle = Automatic;
						SystemCapabilities = {
							com.apple.BackgroundModes = {
								enabled = 1;
							};
						};
					};
					D329DA0D1DDF7A9C0080D74F = {
						CreatedOnToolsVersion = 8.0;
						ProvisioningStyle = Automatic;
						TestTargetID = D329D9F91DDF7A9C0080D74F;
					};
					D329DA181DDF7A9C0080D74F = {
						CreatedOnToolsVersion = 8.0;
						ProvisioningStyle = Automatic;
						TestTargetID = D329D9F91DDF7A9C0080D74F;
					};
				};
			};
			buildConfigurationList = D329D9F51DDF7A9C0080D74F /* Build configuration list for PBXProject "iHearChangesSwift" */;
			compatibilityVersion = "Xcode 3.2";
			developmentRegion = English;
			hasScannedForEncodings = 0;
			knownRegions = (
				en,
				Base,
			);
			mainGroup = D329D9F11DDF7A9C0080D74F;
			productRefGroup = D329D9FB1DDF7A9C0080D74F /* Products */;
			projectDirPath = "";
			projectRoot = "";
			targets = (
				D329D9F91DDF7A9C0080D74F /* iHearChangesSwift */,
				D329DA0D1DDF7A9C0080D74F /* iHearChangesSwiftTests */,
				D329DA181DDF7A9C0080D74F /* iHearChangesSwiftUITests */,
			);
		};
/* End PBXProject section */

/* Begin PBXResourcesBuildPhase section */
		D329D9F81DDF7A9C0080D74F /* Resources */ = {
			isa = PBXResourcesBuildPhase;
			buildActionMask = 2147483647;
			files = (
				D38D4B3D1F06BD75006EF062 /* I-IV-4.json in Resources */,
				D38D4B401F06BD75006EF062 /* I-IV-V-3.json in Resources */,
				D38D4B691F06BE5D006EF062 /* keymodulations-3.json in Resources */,
				D38D4B491F06BD75006EF062 /* I-V-3.json in Resources */,
				D38D4B421F06BD75006EF062 /* I-IV-V-5.json in Resources */,
				D38D4B461F06BD75006EF062 /* I-IV-V-9.json in Resources */,
				D329DA921DDF7F860080D74F /* Main.storyboard in Resources */,
				D38D4B7B1F06C03E006EF062 /* afternooninparis.json in Resources */,
				D38D4B6A1F06BE5D006EF062 /* keymodulations-4.json in Resources */,
				D38D4B861F06C06C006EF062 /* nomorecane.json in Resources */,
				BE6C6C1C1F054BE100EBF61A /* rhodes_73.sf2 in Resources */,
				D38D4B7E1F06C03E006EF062 /* allofme.json in Resources */,
				D38D4B4F1F06BD9A006EF062 /* I-IV-1subs.json in Resources */,
				D38D4B7D1F06C03E006EF062 /* aliceinwonderland.json in Resources */,
				D38D4B571F06BDCC006EF062 /* secondaryDominants1.json in Resources */,
				D329DA081DDF7A9C0080D74F /* LaunchScreen.storyboard in Resources */,
				D38D4B7C1F06C03E006EF062 /* aintmisbehavin.json in Resources */,
				D38D4B811F06C03E006EF062 /* atrain.json in Resources */,
				D38D4B851F06C06C006EF062 /* minorfolk.json in Resources */,
				D38D4B7F1F06C03E006EF062 /* allthethingsyouare.json in Resources */,
				D38D4B3B1F06BD75006EF062 /* I-IV-2.json in Resources */,
				D38D4B6E1F06BF3A006EF062 /* bricks.json in Resources */,
				D38D4B5A1F06BDCC006EF062 /* secondaryDominants4.json in Resources */,
				D38D4B3C1F06BD75006EF062 /* I-IV-3.json in Resources */,
				D38D4B581F06BDCC006EF062 /* secondaryDominants2.json in Resources */,
				D329DA051DDF7A9C0080D74F /* Assets.xcassets in Resources */,
				D38D4B801F06C03E006EF062 /* angeleyes.json in Resources */,
				D38D4B711F06BF82006EF062 /* template.json in Resources */,
				D38D4B4A1F06BD75006EF062 /* I-V-4.json in Resources */,
				D38D4B671F06BE5D006EF062 /* keymodulations-1.json in Resources */,
				D38D4B681F06BE5D006EF062 /* keymodulations-2.json in Resources */,
				D38D4B501F06BD9A006EF062 /* I-IV-V-1subs.json in Resources */,
				D38D4B441F06BD75006EF062 /* I-IV-V-7.json in Resources */,
				D38D4B3A1F06BD75006EF062 /* I-IV-1.json in Resources */,
				D38D4B601F06BE02006EF062 /* cadences2.json in Resources */,
				D38D4B3E1F06BD75006EF062 /* I-IV-V-1.json in Resources */,
				D38D4B611F06BE02006EF062 /* cadences3.json in Resources */,
				D38D4B451F06BD75006EF062 /* I-IV-V-8.json in Resources */,
				D38D4B471F06BD75006EF062 /* I-V-1.json in Resources */,
				D38D4B591F06BDCC006EF062 /* secondaryDominants3.json in Resources */,
				D38D4B6F1F06BF3A006EF062 /* pullbacks.json in Resources */,
				D38D4B481F06BD75006EF062 /* I-V-2.json in Resources */,
				D38D4B511F06BD9A006EF062 /* I-V-1subs.json in Resources */,
				D38D4B5F1F06BE02006EF062 /* cadences1.json in Resources */,
				D38D4B411F06BD75006EF062 /* I-IV-V-4.json in Resources */,
				D38D4B431F06BD75006EF062 /* I-IV-V-6.json in Resources */,
				D38D4B3F1F06BD75006EF062 /* I-IV-V-2.json in Resources */,
			);
			runOnlyForDeploymentPostprocessing = 0;
		};
		D329DA0C1DDF7A9C0080D74F /* Resources */ = {
			isa = PBXResourcesBuildPhase;
			buildActionMask = 2147483647;
			files = (
			);
			runOnlyForDeploymentPostprocessing = 0;
		};
		D329DA171DDF7A9C0080D74F /* Resources */ = {
			isa = PBXResourcesBuildPhase;
			buildActionMask = 2147483647;
			files = (
			);
			runOnlyForDeploymentPostprocessing = 0;
		};
/* End PBXResourcesBuildPhase section */

/* Begin PBXShellScriptBuildPhase section */
		81ABC44D15C6C1EF06A3721E /* [CP] Copy Pods Resources */ = {
			isa = PBXShellScriptBuildPhase;
			buildActionMask = 2147483647;
			files = (
			);
			inputPaths = (
			);
			name = "[CP] Copy Pods Resources";
			outputPaths = (
			);
			runOnlyForDeploymentPostprocessing = 0;
			shellPath = /bin/sh;
			shellScript = "\"${SRCROOT}/Pods/Target Support Files/Pods-iHearChangesSwift/Pods-iHearChangesSwift-resources.sh\"\n";
			showEnvVarsInLog = 0;
		};
		B96441A5E023872C5F694990 /* [CP] Embed Pods Frameworks */ = {
			isa = PBXShellScriptBuildPhase;
			buildActionMask = 2147483647;
			files = (
			);
			inputPaths = (
			);
			name = "[CP] Embed Pods Frameworks";
			outputPaths = (
			);
			runOnlyForDeploymentPostprocessing = 0;
			shellPath = /bin/sh;
			shellScript = "\"${SRCROOT}/Pods/Target Support Files/Pods-iHearChangesSwift/Pods-iHearChangesSwift-frameworks.sh\"\n";
			showEnvVarsInLog = 0;
		};
		E76F6A7F8614E3753EE659DD /* [CP] Check Pods Manifest.lock */ = {
			isa = PBXShellScriptBuildPhase;
			buildActionMask = 2147483647;
			files = (
			);
			inputPaths = (
			);
			name = "[CP] Check Pods Manifest.lock";
			outputPaths = (
			);
			runOnlyForDeploymentPostprocessing = 0;
			shellPath = /bin/sh;
			shellScript = "diff \"${PODS_ROOT}/../Podfile.lock\" \"${PODS_ROOT}/Manifest.lock\" > /dev/null\nif [ $? != 0 ] ; then\n    # print error to STDERR\n    echo \"error: The sandbox is not in sync with the Podfile.lock. Run 'pod install' or update your CocoaPods installation.\" >&2\n    exit 1\nfi\n";
			showEnvVarsInLog = 0;
		};
/* End PBXShellScriptBuildPhase section */

/* Begin PBXSourcesBuildPhase section */
		D329D9F61DDF7A9C0080D74F /* Sources */ = {
			isa = PBXSourcesBuildPhase;
			buildActionMask = 2147483647;
			files = (
				D329DA931DDF7F860080D74F /* AnswerPane.swift in Sources */,
				D38D4B1E1F06BBE6006EF062 /* InfoViewController.swift in Sources */,
				D38D4B081F06BBAB006EF062 /* Progression.m in Sources */,
				D38D4B1D1F06BBE6006EF062 /* Extensions.swift in Sources */,
				D38D4B041F06BBAB006EF062 /* AppStatusModels.swift in Sources */,
				D38D4B051F06BBAB006EF062 /* Chord.m in Sources */,
				D38D4B071F06BBAB006EF062 /* Player.m in Sources */,
				D38D4B1C1F06BBE6006EF062 /* CustomSlider.swift in Sources */,
				D38D4B241F06BBE6006EF062 /* MixPane.swift in Sources */,
				D38D4AED1F069ABE006EF062 /* MidiManager.swift in Sources */,
				D38D4B251F06BBE6006EF062 /* PlaybackPane.swift in Sources */,
				D38D4B061F06BBAB006EF062 /* ChordFunction.m in Sources */,
				D38D4B201F06BBE6006EF062 /* MainDisplayCollectionViewExtensions.swift in Sources */,
				D38D4B091F06BBAB006EF062 /* SequenceTemplate.m in Sources */,
				D329D9FE1DDF7A9C0080D74F /* AppDelegate.swift in Sources */,
				D38D4B0A1F06BBAB006EF062 /* Timing.m in Sources */,
				D38D4B211F06BBE6006EF062 /* MainDisplaySupportPaneExtensions.swift in Sources */,
				D38D4B1B1F06BBE6006EF062 /* CollapsibleTableViewHeader.swift in Sources */,
				D38D4B271F06BBE6006EF062 /* RangeSlider.swift in Sources */,
				D38D4B221F06BBE6006EF062 /* MainMenuViewController.swift in Sources */,
				D38D4B0B1F06BBAB006EF062 /* Tune.m in Sources */,
				D38D4B231F06BBE6006EF062 /* MeasureCell.swift in Sources */,
				D38D4B1A1F06BBE6006EF062 /* CheckBox.swift in Sources */,
				D38D4B1F1F06BBE6006EF062 /* MainDisplay.swift in Sources */,
			);
			runOnlyForDeploymentPostprocessing = 0;
		};
		D329DA0A1DDF7A9C0080D74F /* Sources */ = {
			isa = PBXSourcesBuildPhase;
			buildActionMask = 2147483647;
			files = (
				D329DA131DDF7A9C0080D74F /* iHearChangesSwiftTests.swift in Sources */,
			);
			runOnlyForDeploymentPostprocessing = 0;
		};
		D329DA151DDF7A9C0080D74F /* Sources */ = {
			isa = PBXSourcesBuildPhase;
			buildActionMask = 2147483647;
			files = (
				D329DA1E1DDF7A9C0080D74F /* iHearChangesSwiftUITests.swift in Sources */,
			);
			runOnlyForDeploymentPostprocessing = 0;
		};
/* End PBXSourcesBuildPhase section */

/* Begin PBXTargetDependency section */
		D329DA101DDF7A9C0080D74F /* PBXTargetDependency */ = {
			isa = PBXTargetDependency;
			target = D329D9F91DDF7A9C0080D74F /* iHearChangesSwift */;
			targetProxy = D329DA0F1DDF7A9C0080D74F /* PBXContainerItemProxy */;
		};
		D329DA1B1DDF7A9C0080D74F /* PBXTargetDependency */ = {
			isa = PBXTargetDependency;
			target = D329D9F91DDF7A9C0080D74F /* iHearChangesSwift */;
			targetProxy = D329DA1A1DDF7A9C0080D74F /* PBXContainerItemProxy */;
		};
/* End PBXTargetDependency section */

/* Begin PBXVariantGroup section */
		D329DA061DDF7A9C0080D74F /* LaunchScreen.storyboard */ = {
			isa = PBXVariantGroup;
			children = (
				D329DA071DDF7A9C0080D74F /* Base */,
			);
			name = LaunchScreen.storyboard;
			sourceTree = "<group>";
		};
/* End PBXVariantGroup section */

/* Begin XCBuildConfiguration section */
		D329DA201DDF7A9C0080D74F /* Debug */ = {
			isa = XCBuildConfiguration;
			buildSettings = {
				ALWAYS_SEARCH_USER_PATHS = NO;
				CLANG_ANALYZER_NONNULL = YES;
				CLANG_CXX_LANGUAGE_STANDARD = "gnu++0x";
				CLANG_CXX_LIBRARY = "libc++";
				CLANG_ENABLE_MODULES = YES;
				CLANG_ENABLE_OBJC_ARC = YES;
				CLANG_WARN_BOOL_CONVERSION = YES;
				CLANG_WARN_CONSTANT_CONVERSION = YES;
				CLANG_WARN_DIRECT_OBJC_ISA_USAGE = YES_ERROR;
				CLANG_WARN_DOCUMENTATION_COMMENTS = YES;
				CLANG_WARN_EMPTY_BODY = YES;
				CLANG_WARN_ENUM_CONVERSION = YES;
				CLANG_WARN_INFINITE_RECURSION = YES;
				CLANG_WARN_INT_CONVERSION = YES;
				CLANG_WARN_OBJC_ROOT_CLASS = YES_ERROR;
				CLANG_WARN_SUSPICIOUS_MOVES = YES;
				CLANG_WARN_UNREACHABLE_CODE = YES;
				CLANG_WARN__DUPLICATE_METHOD_MATCH = YES;
				"CODE_SIGN_IDENTITY[sdk=iphoneos*]" = "iPhone Developer";
				COPY_PHASE_STRIP = NO;
				DEBUG_INFORMATION_FORMAT = dwarf;
				ENABLE_STRICT_OBJC_MSGSEND = YES;
				ENABLE_TESTABILITY = YES;
				GCC_C_LANGUAGE_STANDARD = gnu99;
				GCC_DYNAMIC_NO_PIC = NO;
				GCC_NO_COMMON_BLOCKS = YES;
				GCC_OPTIMIZATION_LEVEL = 0;
				GCC_PREPROCESSOR_DEFINITIONS = (
					"DEBUG=1",
					"$(inherited)",
				);
				GCC_WARN_64_TO_32_BIT_CONVERSION = YES;
				GCC_WARN_ABOUT_RETURN_TYPE = YES_ERROR;
				GCC_WARN_UNDECLARED_SELECTOR = YES;
				GCC_WARN_UNINITIALIZED_AUTOS = YES_AGGRESSIVE;
				GCC_WARN_UNUSED_FUNCTION = YES;
				GCC_WARN_UNUSED_VARIABLE = YES;
				IPHONEOS_DEPLOYMENT_TARGET = 10.0;
				MTL_ENABLE_DEBUG_INFO = YES;
				ONLY_ACTIVE_ARCH = YES;
				SDKROOT = iphoneos;
				SWIFT_ACTIVE_COMPILATION_CONDITIONS = DEBUG;
				SWIFT_OPTIMIZATION_LEVEL = "-Onone";
				TARGETED_DEVICE_FAMILY = "1,2";
			};
			name = Debug;
		};
		D329DA211DDF7A9C0080D74F /* Release */ = {
			isa = XCBuildConfiguration;
			buildSettings = {
				ALWAYS_SEARCH_USER_PATHS = NO;
				CLANG_ANALYZER_NONNULL = YES;
				CLANG_CXX_LANGUAGE_STANDARD = "gnu++0x";
				CLANG_CXX_LIBRARY = "libc++";
				CLANG_ENABLE_MODULES = YES;
				CLANG_ENABLE_OBJC_ARC = YES;
				CLANG_WARN_BOOL_CONVERSION = YES;
				CLANG_WARN_CONSTANT_CONVERSION = YES;
				CLANG_WARN_DIRECT_OBJC_ISA_USAGE = YES_ERROR;
				CLANG_WARN_DOCUMENTATION_COMMENTS = YES;
				CLANG_WARN_EMPTY_BODY = YES;
				CLANG_WARN_ENUM_CONVERSION = YES;
				CLANG_WARN_INFINITE_RECURSION = YES;
				CLANG_WARN_INT_CONVERSION = YES;
				CLANG_WARN_OBJC_ROOT_CLASS = YES_ERROR;
				CLANG_WARN_SUSPICIOUS_MOVES = YES;
				CLANG_WARN_UNREACHABLE_CODE = YES;
				CLANG_WARN__DUPLICATE_METHOD_MATCH = YES;
				"CODE_SIGN_IDENTITY[sdk=iphoneos*]" = "iPhone Developer";
				COPY_PHASE_STRIP = NO;
				DEBUG_INFORMATION_FORMAT = "dwarf-with-dsym";
				ENABLE_NS_ASSERTIONS = NO;
				ENABLE_STRICT_OBJC_MSGSEND = YES;
				GCC_C_LANGUAGE_STANDARD = gnu99;
				GCC_NO_COMMON_BLOCKS = YES;
				GCC_WARN_64_TO_32_BIT_CONVERSION = YES;
				GCC_WARN_ABOUT_RETURN_TYPE = YES_ERROR;
				GCC_WARN_UNDECLARED_SELECTOR = YES;
				GCC_WARN_UNINITIALIZED_AUTOS = YES_AGGRESSIVE;
				GCC_WARN_UNUSED_FUNCTION = YES;
				GCC_WARN_UNUSED_VARIABLE = YES;
				IPHONEOS_DEPLOYMENT_TARGET = 10.0;
				MTL_ENABLE_DEBUG_INFO = NO;
				SDKROOT = iphoneos;
				SWIFT_OPTIMIZATION_LEVEL = "-Owholemodule";
				TARGETED_DEVICE_FAMILY = "1,2";
				VALIDATE_PRODUCT = YES;
			};
			name = Release;
		};
		D329DA231DDF7A9C0080D74F /* Debug */ = {
			isa = XCBuildConfiguration;
			baseConfigurationReference = 91E6A4C8BFF66A69777982AD /* Pods-iHearChangesSwift.debug.xcconfig */;
			buildSettings = {
				ASSETCATALOG_COMPILER_APPICON_NAME = AppIcon;
				CLANG_ENABLE_MODULES = YES;
				"CODE_SIGN_IDENTITY[sdk=iphoneos*]" = "iPhone Developer";
				DEVELOPMENT_TEAM = EP95Q9Q2HM;
				INFOPLIST_FILE = iHearChangesSwift/Info.plist;
				LD_RUNPATH_SEARCH_PATHS = "$(inherited) @executable_path/Frameworks";
				PRODUCT_BUNDLE_IDENTIFIER = com.fakeancient.iHearChangesSwift;
				PRODUCT_NAME = "$(TARGET_NAME)";
				SWIFT_OBJC_BRIDGING_HEADER = "iHearChangesSwift-Bridging-Header.h";
				SWIFT_OPTIMIZATION_LEVEL = "-Onone";
				SWIFT_VERSION = 3.0;
				TARGETED_DEVICE_FAMILY = "1,2";
			};
			name = Debug;
		};
		D329DA241DDF7A9C0080D74F /* Release */ = {
			isa = XCBuildConfiguration;
			baseConfigurationReference = A2FE4BA36AB27B9693A26FD6 /* Pods-iHearChangesSwift.release.xcconfig */;
			buildSettings = {
				ASSETCATALOG_COMPILER_APPICON_NAME = AppIcon;
				CLANG_ENABLE_MODULES = YES;
				"CODE_SIGN_IDENTITY[sdk=iphoneos*]" = "iPhone Developer";
				DEVELOPMENT_TEAM = EP95Q9Q2HM;
				INFOPLIST_FILE = iHearChangesSwift/Info.plist;
				LD_RUNPATH_SEARCH_PATHS = "$(inherited) @executable_path/Frameworks";
				PRODUCT_BUNDLE_IDENTIFIER = com.fakeancient.iHearChangesSwift;
				PRODUCT_NAME = "$(TARGET_NAME)";
				SWIFT_OBJC_BRIDGING_HEADER = "iHearChangesSwift-Bridging-Header.h";
				SWIFT_VERSION = 3.0;
				TARGETED_DEVICE_FAMILY = "1,2";
			};
			name = Release;
		};
		D329DA261DDF7A9C0080D74F /* Debug */ = {
			isa = XCBuildConfiguration;
			buildSettings = {
				ALWAYS_EMBED_SWIFT_STANDARD_LIBRARIES = YES;
				BUNDLE_LOADER = "$(TEST_HOST)";
				INFOPLIST_FILE = iHearChangesSwiftTests/Info.plist;
				LD_RUNPATH_SEARCH_PATHS = "$(inherited) @executable_path/Frameworks @loader_path/Frameworks";
				PRODUCT_BUNDLE_IDENTIFIER = com.fakeancient.iHearChangesSwiftTests;
				PRODUCT_NAME = "$(TARGET_NAME)";
				SWIFT_VERSION = 3.0;
				TEST_HOST = "$(BUILT_PRODUCTS_DIR)/iHearChangesSwift.app/iHearChangesSwift";
			};
			name = Debug;
		};
		D329DA271DDF7A9C0080D74F /* Release */ = {
			isa = XCBuildConfiguration;
			buildSettings = {
				ALWAYS_EMBED_SWIFT_STANDARD_LIBRARIES = YES;
				BUNDLE_LOADER = "$(TEST_HOST)";
				INFOPLIST_FILE = iHearChangesSwiftTests/Info.plist;
				LD_RUNPATH_SEARCH_PATHS = "$(inherited) @executable_path/Frameworks @loader_path/Frameworks";
				PRODUCT_BUNDLE_IDENTIFIER = com.fakeancient.iHearChangesSwiftTests;
				PRODUCT_NAME = "$(TARGET_NAME)";
				SWIFT_VERSION = 3.0;
				TEST_HOST = "$(BUILT_PRODUCTS_DIR)/iHearChangesSwift.app/iHearChangesSwift";
			};
			name = Release;
		};
		D329DA291DDF7A9C0080D74F /* Debug */ = {
			isa = XCBuildConfiguration;
			buildSettings = {
				ALWAYS_EMBED_SWIFT_STANDARD_LIBRARIES = YES;
				INFOPLIST_FILE = iHearChangesSwiftUITests/Info.plist;
				LD_RUNPATH_SEARCH_PATHS = "$(inherited) @executable_path/Frameworks @loader_path/Frameworks";
				PRODUCT_BUNDLE_IDENTIFIER = com.fakeancient.iHearChangesSwiftUITests;
				PRODUCT_NAME = "$(TARGET_NAME)";
				SWIFT_VERSION = 3.0;
				TEST_TARGET_NAME = iHearChangesSwift;
			};
			name = Debug;
		};
		D329DA2A1DDF7A9C0080D74F /* Release */ = {
			isa = XCBuildConfiguration;
			buildSettings = {
				ALWAYS_EMBED_SWIFT_STANDARD_LIBRARIES = YES;
				INFOPLIST_FILE = iHearChangesSwiftUITests/Info.plist;
				LD_RUNPATH_SEARCH_PATHS = "$(inherited) @executable_path/Frameworks @loader_path/Frameworks";
				PRODUCT_BUNDLE_IDENTIFIER = com.fakeancient.iHearChangesSwiftUITests;
				PRODUCT_NAME = "$(TARGET_NAME)";
				SWIFT_VERSION = 3.0;
				TEST_TARGET_NAME = iHearChangesSwift;
			};
			name = Release;
		};
/* End XCBuildConfiguration section */

/* Begin XCConfigurationList section */
		D329D9F51DDF7A9C0080D74F /* Build configuration list for PBXProject "iHearChangesSwift" */ = {
			isa = XCConfigurationList;
			buildConfigurations = (
				D329DA201DDF7A9C0080D74F /* Debug */,
				D329DA211DDF7A9C0080D74F /* Release */,
			);
			defaultConfigurationIsVisible = 0;
			defaultConfigurationName = Release;
		};
		D329DA221DDF7A9C0080D74F /* Build configuration list for PBXNativeTarget "iHearChangesSwift" */ = {
			isa = XCConfigurationList;
			buildConfigurations = (
				D329DA231DDF7A9C0080D74F /* Debug */,
				D329DA241DDF7A9C0080D74F /* Release */,
			);
			defaultConfigurationIsVisible = 0;
			defaultConfigurationName = Release;
		};
		D329DA251DDF7A9C0080D74F /* Build configuration list for PBXNativeTarget "iHearChangesSwiftTests" */ = {
			isa = XCConfigurationList;
			buildConfigurations = (
				D329DA261DDF7A9C0080D74F /* Debug */,
				D329DA271DDF7A9C0080D74F /* Release */,
			);
			defaultConfigurationIsVisible = 0;
			defaultConfigurationName = Release;
		};
		D329DA281DDF7A9C0080D74F /* Build configuration list for PBXNativeTarget "iHearChangesSwiftUITests" */ = {
			isa = XCConfigurationList;
			buildConfigurations = (
				D329DA291DDF7A9C0080D74F /* Debug */,
				D329DA2A1DDF7A9C0080D74F /* Release */,
			);
			defaultConfigurationIsVisible = 0;
			defaultConfigurationName = Release;
		};
/* End XCConfigurationList section */
	};
	rootObject = D329D9F21DDF7A9C0080D74F /* Project object */;
}
