// !$*UTF8*$!
{
	archiveVersion = 1;
	classes = {
	};
	objectVersion = 46;
	objects = {

/* Begin PBXBuildFile section */
		565D2ECA1C29586A004E6F8A /* CustomImageFlowLayout.swift in Sources */ = {isa = PBXBuildFile; fileRef = 565D2EC91C29586A004E6F8A /* CustomImageFlowLayout.swift */; };
		565D2ECC1C295883004E6F8A /* ImageCollectionViewCell.swift in Sources */ = {isa = PBXBuildFile; fileRef = 565D2ECB1C295883004E6F8A /* ImageCollectionViewCell.swift */; };
		565D2ECE1C297FEC004E6F8A /* ViewController.swift in Sources */ = {isa = PBXBuildFile; fileRef = 565D2ECD1C297FEC004E6F8A /* ViewController.swift */; };
		565D2ED01C298238004E6F8A /* AppDelegate.swift in Sources */ = {isa = PBXBuildFile; fileRef = 565D2ECF1C298238004E6F8A /* AppDelegate.swift */; };
		568B419A1BCCD40500C945C3 /* Main.storyboard in Resources */ = {isa = PBXBuildFile; fileRef = 568B41981BCCD40500C945C3 /* Main.storyboard */; };
		568B419C1BCCD40500C945C3 /* Assets.xcassets in Resources */ = {isa = PBXBuildFile; fileRef = 568B419B1BCCD40500C945C3 /* Assets.xcassets */; };
		568B419F1BCCD40500C945C3 /* LaunchScreen.storyboard in Resources */ = {isa = PBXBuildFile; fileRef = 568B419D1BCCD40500C945C3 /* LaunchScreen.storyboard */; };
/* End PBXBuildFile section */

/* Begin PBXFileReference section */
		565D2EC91C29586A004E6F8A /* CustomImageFlowLayout.swift */ = {isa = PBXFileReference; fileEncoding = 4; lastKnownFileType = sourcecode.swift; path = CustomImageFlowLayout.swift; sourceTree = "<group>"; };
		565D2ECB1C295883004E6F8A /* ImageCollectionViewCell.swift */ = {isa = PBXFileReference; fileEncoding = 4; lastKnownFileType = sourcecode.swift; path = ImageCollectionViewCell.swift; sourceTree = "<group>"; };
		565D2ECD1C297FEC004E6F8A /* ViewController.swift */ = {isa = PBXFileReference; fileEncoding = 4; lastKnownFileType = sourcecode.swift; path = ViewController.swift; sourceTree = "<group>"; };
		565D2ECF1C298238004E6F8A /* AppDelegate.swift */ = {isa = PBXFileReference; fileEncoding = 4; lastKnownFileType = sourcecode.swift; path = AppDelegate.swift; sourceTree = "<group>"; };
		568B418C1BCCD40500C945C3 /* ZDT_InstaTutorial.app */ = {isa = PBXFileReference; explicitFileType = wrapper.application; includeInIndex = 0; path = ZDT_InstaTutorial.app; sourceTree = BUILT_PRODUCTS_DIR; };
		568B41991BCCD40500C945C3 /* Base */ = {isa = PBXFileReference; lastKnownFileType = file.storyboard; name = Base; path = Base.lproj/Main.storyboard; sourceTree = "<group>"; };
		568B419B1BCCD40500C945C3 /* Assets.xcassets */ = {isa = PBXFileReference; lastKnownFileType = folder.assetcatalog; path = Assets.xcassets; sourceTree = "<group>"; };
		568B419E1BCCD40500C945C3 /* Base */ = {isa = PBXFileReference; lastKnownFileType = file.storyboard; name = Base; path = Base.lproj/LaunchScreen.storyboard; sourceTree = "<group>"; };
		568B41A01BCCD40500C945C3 /* Info.plist */ = {isa = PBXFileReference; lastKnownFileType = text.plist.xml; path = Info.plist; sourceTree = "<group>"; };
/* End PBXFileReference section */

/* Begin PBXFrameworksBuildPhase section */
		568B41891BCCD40500C945C3 /* Frameworks */ = {
			isa = PBXFrameworksBuildPhase;
			buildActionMask = 2147483647;
			files = (
			);
			runOnlyForDeploymentPostprocessing = 0;
		};
/* End PBXFrameworksBuildPhase section */

/* Begin PBXGroup section */
		568B41831BCCD40500C945C3 = {
			isa = PBXGroup;
			children = (
				568B418E1BCCD40500C945C3 /* ZDT_InstaTutorial */,
				568B418D1BCCD40500C945C3 /* Products */,
			);
			sourceTree = "<group>";
		};
		568B418D1BCCD40500C945C3 /* Products */ = {
			isa = PBXGroup;
			children = (
				568B418C1BCCD40500C945C3 /* ZDT_InstaTutorial.app */,
			);
			name = Products;
			sourceTree = "<group>";
		};
		568B418E1BCCD40500C945C3 /* ZDT_InstaTutorial */ = {
			isa = PBXGroup;
			children = (
				565D2ECF1C298238004E6F8A /* AppDelegate.swift */,
				565D2ECD1C297FEC004E6F8A /* ViewController.swift */,
				565D2EC91C29586A004E6F8A /* CustomImageFlowLayout.swift */,
				565D2ECB1C295883004E6F8A /* ImageCollectionViewCell.swift */,
				568B41981BCCD40500C945C3 /* Main.storyboard */,
				568B418F1BCCD40500C945C3 /* Supporting Files */,
			);
			path = ZDT_InstaTutorial;
			sourceTree = "<group>";
		};
		568B418F1BCCD40500C945C3 /* Supporting Files */ = {
			isa = PBXGroup;
			children = (
				568B419B1BCCD40500C945C3 /* Assets.xcassets */,
				568B419D1BCCD40500C945C3 /* LaunchScreen.storyboard */,
				568B41A01BCCD40500C945C3 /* Info.plist */,
			);
			name = "Supporting Files";
			sourceTree = "<group>";
		};
/* End PBXGroup section */

/* Begin PBXNativeTarget section */
		568B418B1BCCD40500C945C3 /* ZDT_InstaTutorial */ = {
			isa = PBXNativeTarget;
			buildConfigurationList = 568B41A31BCCD40500C945C3 /* Build configuration list for PBXNativeTarget "ZDT_InstaTutorial" */;
			buildPhases = (
				568B41881BCCD40500C945C3 /* Sources */,
				568B41891BCCD40500C945C3 /* Frameworks */,
				568B418A1BCCD40500C945C3 /* Resources */,
			);
			buildRules = (
			);
			dependencies = (
			);
			name = ZDT_InstaTutorial;
			productName = ZDT_InstaTutorial;
			productReference = 568B418C1BCCD40500C945C3 /* ZDT_InstaTutorial.app */;
			productType = "com.apple.product-type.application";
		};
/* End PBXNativeTarget section */

/* Begin PBXProject section */
		568B41841BCCD40500C945C3 /* Project object */ = {
			isa = PBXProject;
			attributes = {
				LastSwiftUpdateCheck = 0710;
				LastUpgradeCheck = 0700;
				ORGANIZATIONNAME = Zappdesigntemplates;
				TargetAttributes = {
					568B418B1BCCD40500C945C3 = {
						CreatedOnToolsVersion = 7.0.1;
					};
				};
			};
			buildConfigurationList = 568B41871BCCD40500C945C3 /* Build configuration list for PBXProject "ZDT_InstaTutorial" */;
			compatibilityVersion = "Xcode 3.2";
			developmentRegion = English;
			hasScannedForEncodings = 0;
			knownRegions = (
				en,
				Base,
			);
			mainGroup = 568B41831BCCD40500C945C3;
			productRefGroup = 568B418D1BCCD40500C945C3 /* Products */;
			projectDirPath = "";
			projectRoot = "";
			targets = (
				568B418B1BCCD40500C945C3 /* ZDT_InstaTutorial */,
			);
		};
/* End PBXProject section */

/* Begin PBXResourcesBuildPhase section */
		568B418A1BCCD40500C945C3 /* Resources */ = {
			isa = PBXResourcesBuildPhase;
			buildActionMask = 2147483647;
			files = (
				568B419F1BCCD40500C945C3 /* LaunchScreen.storyboard in Resources */,
				568B419C1BCCD40500C945C3 /* Assets.xcassets in Resources */,
				568B419A1BCCD40500C945C3 /* Main.storyboard in Resources */,
			);
			runOnlyForDeploymentPostprocessing = 0;
		};
/* End PBXResourcesBuildPhase section */

/* Begin PBXSourcesBuildPhase section */
		568B41881BCCD40500C945C3 /* Sources */ = {
			isa = PBXSourcesBuildPhase;
			buildActionMask = 2147483647;
			files = (
				565D2ED01C298238004E6F8A /* AppDelegate.swift in Sources */,
				565D2ECA1C29586A004E6F8A /* CustomImageFlowLayout.swift in Sources */,
				565D2ECC1C295883004E6F8A /* ImageCollectionViewCell.swift in Sources */,
				565D2ECE1C297FEC004E6F8A /* ViewController.swift in Sources */,
			);
			runOnlyForDeploymentPostprocessing = 0;
		};
/* End PBXSourcesBuildPhase section */

/* Begin PBXVariantGroup section */
		568B41981BCCD40500C945C3 /* Main.storyboard */ = {
			isa = PBXVariantGroup;
			children = (
				568B41991BCCD40500C945C3 /* Base */,
			);
			name = Main.storyboard;
			sourceTree = "<group>";
		};
		568B419D1BCCD40500C945C3 /* LaunchScreen.storyboard */ = {
			isa = PBXVariantGroup;
			children = (
				568B419E1BCCD40500C945C3 /* Base */,
			);
			name = LaunchScreen.storyboard;
			sourceTree = "<group>";
		};
/* End PBXVariantGroup section */

/* Begin XCBuildConfiguration section */
		568B41A11BCCD40500C945C3 /* Debug */ = {
			isa = XCBuildConfiguration;
			buildSettings = {
				ALWAYS_SEARCH_USER_PATHS = NO;
				CLANG_CXX_LANGUAGE_STANDARD = "gnu++0x";
				CLANG_CXX_LIBRARY = "libc++";
				CLANG_ENABLE_MODULES = YES;
				CLANG_ENABLE_OBJC_ARC = YES;
				CLANG_WARN_BOOL_CONVERSION = YES;
				CLANG_WARN_CONSTANT_CONVERSION = YES;
				CLANG_WARN_DIRECT_OBJC_ISA_USAGE = YES_ERROR;
				CLANG_WARN_EMPTY_BODY = YES;
				CLANG_WARN_ENUM_CONVERSION = YES;
				CLANG_WARN_INT_CONVERSION = YES;
				CLANG_WARN_OBJC_ROOT_CLASS = YES_ERROR;
				CLANG_WARN_UNREACHABLE_CODE = YES;
				CLANG_WARN__DUPLICATE_METHOD_MATCH = YES;
				"CODE_SIGN_IDENTITY[sdk=iphoneos*]" = "iPhone Developer";
				COPY_PHASE_STRIP = NO;
				DEBUG_INFORMATION_FORMAT = dwarf;
				ENABLE_STRICT_OBJC_MSGSEND = YES;
				ENABLE_TESTABILITY = YES;
				GCC_C_LANGUAGE_STANDARD = gnu99;
				GCC_DYNAMIC_NO_PIC = NO;
				GCC_NO_COMMON_BLOCKS = YES;
				GCC_OPTIMIZATION_LEVEL = 0;
				GCC_PREPROCESSOR_DEFINITIONS = (
					"DEBUG=1",
					"$(inherited)",
				);
				GCC_WARN_64_TO_32_BIT_CONVERSION = YES;
				GCC_WARN_ABOUT_RETURN_TYPE = YES_ERROR;
				GCC_WARN_UNDECLARED_SELECTOR = YES;
				GCC_WARN_UNINITIALIZED_AUTOS = YES_AGGRESSIVE;
				GCC_WARN_UNUSED_FUNCTION = YES;
				GCC_WARN_UNUSED_VARIABLE = YES;
				IPHONEOS_DEPLOYMENT_TARGET = 9.0;
				MTL_ENABLE_DEBUG_INFO = YES;
				ONLY_ACTIVE_ARCH = YES;
				SDKROOT = iphoneos;
			};
			name = Debug;
		};
		568B41A21BCCD40500C945C3 /* Release */ = {
			isa = XCBuildConfiguration;
			buildSettings = {
				ALWAYS_SEARCH_USER_PATHS = NO;
				CLANG_CXX_LANGUAGE_STANDARD = "gnu++0x";
				CLANG_CXX_LIBRARY = "libc++";
				CLANG_ENABLE_MODULES = YES;
				CLANG_ENABLE_OBJC_ARC = YES;
				CLANG_WARN_BOOL_CONVERSION = YES;
				CLANG_WARN_CONSTANT_CONVERSION = YES;
				CLANG_WARN_DIRECT_OBJC_ISA_USAGE = YES_ERROR;
				CLANG_WARN_EMPTY_BODY = YES;
				CLANG_WARN_ENUM_CONVERSION = YES;
				CLANG_WARN_INT_CONVERSION = YES;
				CLANG_WARN_OBJC_ROOT_CLASS = YES_ERROR;
				CLANG_WARN_UNREACHABLE_CODE = YES;
				CLANG_WARN__DUPLICATE_METHOD_MATCH = YES;
				"CODE_SIGN_IDENTITY[sdk=iphoneos*]" = "iPhone Developer";
				COPY_PHASE_STRIP = NO;
				DEBUG_INFORMATION_FORMAT = "dwarf-with-dsym";
				ENABLE_NS_ASSERTIONS = NO;
				ENABLE_STRICT_OBJC_MSGSEND = YES;
				GCC_C_LANGUAGE_STANDARD = gnu99;
				GCC_NO_COMMON_BLOCKS = YES;
				GCC_WARN_64_TO_32_BIT_CONVERSION = YES;
				GCC_WARN_ABOUT_RETURN_TYPE = YES_ERROR;
				GCC_WARN_UNDECLARED_SELECTOR = YES;
				GCC_WARN_UNINITIALIZED_AUTOS = YES_AGGRESSIVE;
				GCC_WARN_UNUSED_FUNCTION = YES;
				GCC_WARN_UNUSED_VARIABLE = YES;
				IPHONEOS_DEPLOYMENT_TARGET = 9.0;
				MTL_ENABLE_DEBUG_INFO = NO;
				SDKROOT = iphoneos;
				VALIDATE_PRODUCT = YES;
			};
			name = Release;
		};
		568B41A41BCCD40500C945C3 /* Debug */ = {
			isa = XCBuildConfiguration;
			buildSettings = {
				ASSETCATALOG_COMPILER_APPICON_NAME = AppIcon;
				CLANG_ENABLE_MODULES = YES;
				INFOPLIST_FILE = ZDT_InstaTutorial/Info.plist;
				LD_RUNPATH_SEARCH_PATHS = "$(inherited) @executable_path/Frameworks";
				PRODUCT_BUNDLE_IDENTIFIER = "com.Zappdesigntemplates.ZDT-InstaTutorial";
				PRODUCT_NAME = "$(TARGET_NAME)";
				SWIFT_OPTIMIZATION_LEVEL = "-Onone";
				SWIFT_VERSION = 4.0;
			};
			name = Debug;
		};
		568B41A51BCCD40500C945C3 /* Release */ = {
			isa = XCBuildConfiguration;
			buildSettings = {
				ASSETCATALOG_COMPILER_APPICON_NAME = AppIcon;
				CLANG_ENABLE_MODULES = YES;
				INFOPLIST_FILE = ZDT_InstaTutorial/Info.plist;
				LD_RUNPATH_SEARCH_PATHS = "$(inherited) @executable_path/Frameworks";
				PRODUCT_BUNDLE_IDENTIFIER = "com.Zappdesigntemplates.ZDT-InstaTutorial";
				PRODUCT_NAME = "$(TARGET_NAME)";
				SWIFT_VERSION = 4.0;
			};
			name = Release;
		};
/* End XCBuildConfiguration section */

/* Begin XCConfigurationList section */
		568B41871BCCD40500C945C3 /* Build configuration list for PBXProject "ZDT_InstaTutorial" */ = {
			isa = XCConfigurationList;
			buildConfigurations = (
				568B41A11BCCD40500C945C3 /* Debug */,
				568B41A21BCCD40500C945C3 /* Release */,
			);
			defaultConfigurationIsVisible = 0;
			defaultConfigurationName = Release;
		};
		568B41A31BCCD40500C945C3 /* Build configuration list for PBXNativeTarget "ZDT_InstaTutorial" */ = {
			isa = XCConfigurationList;
			buildConfigurations = (
				568B41A41BCCD40500C945C3 /* Debug */,
				568B41A51BCCD40500C945C3 /* Release */,
			);
			defaultConfigurationIsVisible = 0;
			defaultConfigurationName = Release;
		};
/* End XCConfigurationList section */
	};
	rootObject = 568B41841BCCD40500C945C3 /* Project object */;
}
